// !$*UTF8*$!
{
	archiveVersion = 1;
	classes = {
	};
	objectVersion = 51;
	objects = {

/* Begin PBXBuildFile section */
		038875BACA1A3BC1553DD3EE /* Pods_celsos_bookSearch_celsos_bookSearchUITests.framework in Frameworks */ = {isa = PBXBuildFile; fileRef = 21DDEDC9071057A430D08722 /* Pods_celsos_bookSearch_celsos_bookSearchUITests.framework */; };
		630629EF2656B4C600551506 /* SearchesTableViewCell.swift in Sources */ = {isa = PBXBuildFile; fileRef = 630629ED2656B4C600551506 /* SearchesTableViewCell.swift */; };
		630629F02656B4C600551506 /* SearchesTableViewCell.xib in Resources */ = {isa = PBXBuildFile; fileRef = 630629EE2656B4C600551506 /* SearchesTableViewCell.xib */; };
		630693862677E13C007A366C /* BooksViewController.swift in Sources */ = {isa = PBXBuildFile; fileRef = 630693842677E13C007A366C /* BooksViewController.swift */; };
		630693872677E13C007A366C /* BooksViewController.xib in Resources */ = {isa = PBXBuildFile; fileRef = 630693852677E13C007A366C /* BooksViewController.xib */; };
		6329BA79265D4D4E004D90B6 /* SearchCellViewModel.swift in Sources */ = {isa = PBXBuildFile; fileRef = 6329BA78265D4D4E004D90B6 /* SearchCellViewModel.swift */; };
		633914EF2657D6EE0087998F /* GetService.swift in Sources */ = {isa = PBXBuildFile; fileRef = 633914EE2657D6EE0087998F /* GetService.swift */; };
		633914F42657DAE10087998F /* SearchResult.swift in Sources */ = {isa = PBXBuildFile; fileRef = 633914F32657DAE10087998F /* SearchResult.swift */; };
		633914F92657DB1A0087998F /* Book.swift in Sources */ = {isa = PBXBuildFile; fileRef = 633914F82657DB1A0087998F /* Book.swift */; };
		6339150A2657F36B0087998F /* SearchResultResponse.swift in Sources */ = {isa = PBXBuildFile; fileRef = 633915092657F36B0087998F /* SearchResultResponse.swift */; };
		6339150F2657F38E0087998F /* BookResponse.swift in Sources */ = {isa = PBXBuildFile; fileRef = 6339150E2657F38E0087998F /* BookResponse.swift */; };
		639B4CBD267A7A1B00142CF7 /* UIViewControlerExtensions.swift in Sources */ = {isa = PBXBuildFile; fileRef = 639B4CBC267A7A1B00142CF7 /* UIViewControlerExtensions.swift */; };
		63C0B7562655748100EF30AA /* AppDelegate.swift in Sources */ = {isa = PBXBuildFile; fileRef = 63C0B7552655748100EF30AA /* AppDelegate.swift */; };
		63C0B7582655748100EF30AA /* SceneDelegate.swift in Sources */ = {isa = PBXBuildFile; fileRef = 63C0B7572655748100EF30AA /* SceneDelegate.swift */; };
		63C0B7602655748100EF30AA /* celsos_bookSearch.xcdatamodeld in Sources */ = {isa = PBXBuildFile; fileRef = 63C0B75E2655748100EF30AA /* celsos_bookSearch.xcdatamodeld */; };
		63C0B7622655748200EF30AA /* Assets.xcassets in Resources */ = {isa = PBXBuildFile; fileRef = 63C0B7612655748200EF30AA /* Assets.xcassets */; };
		63C0B7652655748200EF30AA /* LaunchScreen.storyboard in Resources */ = {isa = PBXBuildFile; fileRef = 63C0B7632655748200EF30AA /* LaunchScreen.storyboard */; };
		63C0B7702655748200EF30AA /* celsos_bookSearchTests.swift in Sources */ = {isa = PBXBuildFile; fileRef = 63C0B76F2655748200EF30AA /* celsos_bookSearchTests.swift */; };
		63C0B77B2655748200EF30AA /* celsos_bookSearchUITests.swift in Sources */ = {isa = PBXBuildFile; fileRef = 63C0B77A2655748200EF30AA /* celsos_bookSearchUITests.swift */; };
		63C0B7A026557BD800EF30AA /* SearchViewController.swift in Sources */ = {isa = PBXBuildFile; fileRef = 63C0B79E26557BD800EF30AA /* SearchViewController.swift */; };
		63C0B7A126557BD800EF30AA /* SearchViewController.xib in Resources */ = {isa = PBXBuildFile; fileRef = 63C0B79F26557BD800EF30AA /* SearchViewController.xib */; };
		63C0B7AB26557CB400EF30AA /* SearchViewModel.swift in Sources */ = {isa = PBXBuildFile; fileRef = 63C0B7AA26557CB400EF30AA /* SearchViewModel.swift */; };
		63C5691D267B8933007F386F /* service_bookSearchTests.swift in Sources */ = {isa = PBXBuildFile; fileRef = 63C5691C267B8932007F386F /* service_bookSearchTests.swift */; };
		7700915736F25D2296F119B1 /* Pods_celsos_bookSearchTests.framework in Frameworks */ = {isa = PBXBuildFile; fileRef = B847C53D6F072A847A82DB15 /* Pods_celsos_bookSearchTests.framework */; };
		CC5F9B24528A8585E0868639 /* Pods_celsos_bookSearch.framework in Frameworks */ = {isa = PBXBuildFile; fileRef = F51D317FFEB707FE38506D0D /* Pods_celsos_bookSearch.framework */; };
/* End PBXBuildFile section */

/* Begin PBXContainerItemProxy section */
		63C0B76C2655748200EF30AA /* PBXContainerItemProxy */ = {
			isa = PBXContainerItemProxy;
			containerPortal = 63C0B74A2655748100EF30AA /* Project object */;
			proxyType = 1;
			remoteGlobalIDString = 63C0B7512655748100EF30AA;
			remoteInfo = celsos_bookSearch;
		};
		63C0B7772655748200EF30AA /* PBXContainerItemProxy */ = {
			isa = PBXContainerItemProxy;
			containerPortal = 63C0B74A2655748100EF30AA /* Project object */;
			proxyType = 1;
			remoteGlobalIDString = 63C0B7512655748100EF30AA;
			remoteInfo = celsos_bookSearch;
		};
/* End PBXContainerItemProxy section */

/* Begin PBXFileReference section */
		0EC476B1C458717E98AB2E30 /* Pods-celsos_bookSearchTests.debug.xcconfig */ = {isa = PBXFileReference; includeInIndex = 1; lastKnownFileType = text.xcconfig; name = "Pods-celsos_bookSearchTests.debug.xcconfig"; path = "Target Support Files/Pods-celsos_bookSearchTests/Pods-celsos_bookSearchTests.debug.xcconfig"; sourceTree = "<group>"; };
		21DDEDC9071057A430D08722 /* Pods_celsos_bookSearch_celsos_bookSearchUITests.framework */ = {isa = PBXFileReference; explicitFileType = wrapper.framework; includeInIndex = 0; path = Pods_celsos_bookSearch_celsos_bookSearchUITests.framework; sourceTree = BUILT_PRODUCTS_DIR; };
		56A0175F680546CAF10F5E13 /* Pods-celsos_bookSearch-celsos_bookSearchUITests.release.xcconfig */ = {isa = PBXFileReference; includeInIndex = 1; lastKnownFileType = text.xcconfig; name = "Pods-celsos_bookSearch-celsos_bookSearchUITests.release.xcconfig"; path = "Target Support Files/Pods-celsos_bookSearch-celsos_bookSearchUITests/Pods-celsos_bookSearch-celsos_bookSearchUITests.release.xcconfig"; sourceTree = "<group>"; };
		630629ED2656B4C600551506 /* SearchesTableViewCell.swift */ = {isa = PBXFileReference; lastKnownFileType = sourcecode.swift; path = SearchesTableViewCell.swift; sourceTree = "<group>"; };
		630629EE2656B4C600551506 /* SearchesTableViewCell.xib */ = {isa = PBXFileReference; lastKnownFileType = file.xib; path = SearchesTableViewCell.xib; sourceTree = "<group>"; };
		630693842677E13C007A366C /* BooksViewController.swift */ = {isa = PBXFileReference; lastKnownFileType = sourcecode.swift; path = BooksViewController.swift; sourceTree = "<group>"; };
		630693852677E13C007A366C /* BooksViewController.xib */ = {isa = PBXFileReference; lastKnownFileType = file.xib; path = BooksViewController.xib; sourceTree = "<group>"; };
		6329BA78265D4D4E004D90B6 /* SearchCellViewModel.swift */ = {isa = PBXFileReference; lastKnownFileType = sourcecode.swift; path = SearchCellViewModel.swift; sourceTree = "<group>"; };
		633914EE2657D6EE0087998F /* GetService.swift */ = {isa = PBXFileReference; lastKnownFileType = sourcecode.swift; path = GetService.swift; sourceTree = "<group>"; };
		633914F32657DAE10087998F /* SearchResult.swift */ = {isa = PBXFileReference; lastKnownFileType = sourcecode.swift; path = SearchResult.swift; sourceTree = "<group>"; };
		633914F82657DB1A0087998F /* Book.swift */ = {isa = PBXFileReference; lastKnownFileType = sourcecode.swift; path = Book.swift; sourceTree = "<group>"; };
		633915092657F36B0087998F /* SearchResultResponse.swift */ = {isa = PBXFileReference; lastKnownFileType = sourcecode.swift; path = SearchResultResponse.swift; sourceTree = "<group>"; };
		6339150E2657F38E0087998F /* BookResponse.swift */ = {isa = PBXFileReference; lastKnownFileType = sourcecode.swift; path = BookResponse.swift; sourceTree = "<group>"; };
		639B4CBC267A7A1B00142CF7 /* UIViewControlerExtensions.swift */ = {isa = PBXFileReference; lastKnownFileType = sourcecode.swift; path = UIViewControlerExtensions.swift; sourceTree = "<group>"; };
		63C0B7522655748100EF30AA /* celsos_bookSearch.app */ = {isa = PBXFileReference; explicitFileType = wrapper.application; includeInIndex = 0; path = celsos_bookSearch.app; sourceTree = BUILT_PRODUCTS_DIR; };
		63C0B7552655748100EF30AA /* AppDelegate.swift */ = {isa = PBXFileReference; lastKnownFileType = sourcecode.swift; path = AppDelegate.swift; sourceTree = "<group>"; };
		63C0B7572655748100EF30AA /* SceneDelegate.swift */ = {isa = PBXFileReference; lastKnownFileType = sourcecode.swift; path = SceneDelegate.swift; sourceTree = "<group>"; };
		63C0B75F2655748100EF30AA /* celsos_bookSearch.xcdatamodel */ = {isa = PBXFileReference; lastKnownFileType = wrapper.xcdatamodel; path = celsos_bookSearch.xcdatamodel; sourceTree = "<group>"; };
		63C0B7612655748200EF30AA /* Assets.xcassets */ = {isa = PBXFileReference; lastKnownFileType = folder.assetcatalog; path = Assets.xcassets; sourceTree = "<group>"; };
		63C0B7642655748200EF30AA /* Base */ = {isa = PBXFileReference; lastKnownFileType = file.storyboard; name = Base; path = Base.lproj/LaunchScreen.storyboard; sourceTree = "<group>"; };
		63C0B7662655748200EF30AA /* Info.plist */ = {isa = PBXFileReference; lastKnownFileType = text.plist.xml; path = Info.plist; sourceTree = "<group>"; };
		63C0B76B2655748200EF30AA /* celsos_bookSearchTests.xctest */ = {isa = PBXFileReference; explicitFileType = wrapper.cfbundle; includeInIndex = 0; path = celsos_bookSearchTests.xctest; sourceTree = BUILT_PRODUCTS_DIR; };
		63C0B76F2655748200EF30AA /* celsos_bookSearchTests.swift */ = {isa = PBXFileReference; lastKnownFileType = sourcecode.swift; path = celsos_bookSearchTests.swift; sourceTree = "<group>"; };
		63C0B7712655748200EF30AA /* Info.plist */ = {isa = PBXFileReference; lastKnownFileType = text.plist.xml; path = Info.plist; sourceTree = "<group>"; };
		63C0B7762655748200EF30AA /* celsos_bookSearchUITests.xctest */ = {isa = PBXFileReference; explicitFileType = wrapper.cfbundle; includeInIndex = 0; path = celsos_bookSearchUITests.xctest; sourceTree = BUILT_PRODUCTS_DIR; };
		63C0B77A2655748200EF30AA /* celsos_bookSearchUITests.swift */ = {isa = PBXFileReference; lastKnownFileType = sourcecode.swift; path = celsos_bookSearchUITests.swift; sourceTree = "<group>"; };
		63C0B77C2655748200EF30AA /* Info.plist */ = {isa = PBXFileReference; lastKnownFileType = text.plist.xml; path = Info.plist; sourceTree = "<group>"; };
		63C0B79E26557BD800EF30AA /* SearchViewController.swift */ = {isa = PBXFileReference; lastKnownFileType = sourcecode.swift; path = SearchViewController.swift; sourceTree = "<group>"; };
		63C0B79F26557BD800EF30AA /* SearchViewController.xib */ = {isa = PBXFileReference; lastKnownFileType = file.xib; path = SearchViewController.xib; sourceTree = "<group>"; };
		63C0B7AA26557CB400EF30AA /* SearchViewModel.swift */ = {isa = PBXFileReference; lastKnownFileType = sourcecode.swift; path = SearchViewModel.swift; sourceTree = "<group>"; };
		63C5691C267B8932007F386F /* service_bookSearchTests.swift */ = {isa = PBXFileReference; lastKnownFileType = sourcecode.swift; path = service_bookSearchTests.swift; sourceTree = "<group>"; };
		81B54847C9A1DA680DAD4076 /* Pods-celsos_bookSearch.debug.xcconfig */ = {isa = PBXFileReference; includeInIndex = 1; lastKnownFileType = text.xcconfig; name = "Pods-celsos_bookSearch.debug.xcconfig"; path = "Target Support Files/Pods-celsos_bookSearch/Pods-celsos_bookSearch.debug.xcconfig"; sourceTree = "<group>"; };
		9E50BDFE8BF4F1D4D1AC6A94 /* Pods-celsos_bookSearchTests.release.xcconfig */ = {isa = PBXFileReference; includeInIndex = 1; lastKnownFileType = text.xcconfig; name = "Pods-celsos_bookSearchTests.release.xcconfig"; path = "Target Support Files/Pods-celsos_bookSearchTests/Pods-celsos_bookSearchTests.release.xcconfig"; sourceTree = "<group>"; };
		A49CABF9AFC02B5401B2F57C /* Pods-celsos_bookSearch-celsos_bookSearchUITests.debug.xcconfig */ = {isa = PBXFileReference; includeInIndex = 1; lastKnownFileType = text.xcconfig; name = "Pods-celsos_bookSearch-celsos_bookSearchUITests.debug.xcconfig"; path = "Target Support Files/Pods-celsos_bookSearch-celsos_bookSearchUITests/Pods-celsos_bookSearch-celsos_bookSearchUITests.debug.xcconfig"; sourceTree = "<group>"; };
		B847C53D6F072A847A82DB15 /* Pods_celsos_bookSearchTests.framework */ = {isa = PBXFileReference; explicitFileType = wrapper.framework; includeInIndex = 0; path = Pods_celsos_bookSearchTests.framework; sourceTree = BUILT_PRODUCTS_DIR; };
		CED239DF88149E9639AE9D16 /* Pods-celsos_bookSearch.release.xcconfig */ = {isa = PBXFileReference; includeInIndex = 1; lastKnownFileType = text.xcconfig; name = "Pods-celsos_bookSearch.release.xcconfig"; path = "Target Support Files/Pods-celsos_bookSearch/Pods-celsos_bookSearch.release.xcconfig"; sourceTree = "<group>"; };
		F51D317FFEB707FE38506D0D /* Pods_celsos_bookSearch.framework */ = {isa = PBXFileReference; explicitFileType = wrapper.framework; includeInIndex = 0; path = Pods_celsos_bookSearch.framework; sourceTree = BUILT_PRODUCTS_DIR; };
/* End PBXFileReference section */

/* Begin PBXFrameworksBuildPhase section */
		63C0B74F2655748100EF30AA /* Frameworks */ = {
			isa = PBXFrameworksBuildPhase;
			buildActionMask = 2147483647;
			files = (
				CC5F9B24528A8585E0868639 /* Pods_celsos_bookSearch.framework in Frameworks */,
			);
			runOnlyForDeploymentPostprocessing = 0;
		};
		63C0B7682655748200EF30AA /* Frameworks */ = {
			isa = PBXFrameworksBuildPhase;
			buildActionMask = 2147483647;
			files = (
				7700915736F25D2296F119B1 /* Pods_celsos_bookSearchTests.framework in Frameworks */,
			);
			runOnlyForDeploymentPostprocessing = 0;
		};
		63C0B7732655748200EF30AA /* Frameworks */ = {
			isa = PBXFrameworksBuildPhase;
			buildActionMask = 2147483647;
			files = (
				038875BACA1A3BC1553DD3EE /* Pods_celsos_bookSearch_celsos_bookSearchUITests.framework in Frameworks */,
			);
			runOnlyForDeploymentPostprocessing = 0;
		};
/* End PBXFrameworksBuildPhase section */

/* Begin PBXGroup section */
		633914ED2657D6CF0087998F /* Services */ = {
			isa = PBXGroup;
			children = (
				633914EE2657D6EE0087998F /* GetService.swift */,
			);
			path = Services;
			sourceTree = "<group>";
		};
		639B4CBB267A79FB00142CF7 /* Extensions */ = {
			isa = PBXGroup;
			children = (
				639B4CBC267A7A1B00142CF7 /* UIViewControlerExtensions.swift */,
			);
			path = Extensions;
			sourceTree = "<group>";
		};
		63C0B7492655748100EF30AA = {
			isa = PBXGroup;
			children = (
				63C0B7542655748100EF30AA /* celsos_bookSearch */,
				63C0B76E2655748200EF30AA /* celsos_bookSearchTests */,
				63C0B7792655748200EF30AA /* celsos_bookSearchUITests */,
				63C0B7532655748100EF30AA /* Products */,
				E2575B28248AA422DA6C2E29 /* Pods */,
				7A7C1962CA39740683B0489D /* Frameworks */,
			);
			sourceTree = "<group>";
		};
		63C0B7532655748100EF30AA /* Products */ = {
			isa = PBXGroup;
			children = (
				63C0B7522655748100EF30AA /* celsos_bookSearch.app */,
				63C0B76B2655748200EF30AA /* celsos_bookSearchTests.xctest */,
				63C0B7762655748200EF30AA /* celsos_bookSearchUITests.xctest */,
			);
			name = Products;
			sourceTree = "<group>";
		};
		63C0B7542655748100EF30AA /* celsos_bookSearch */ = {
			isa = PBXGroup;
			children = (
				639B4CBB267A79FB00142CF7 /* Extensions */,
				63C0B7A526557BE000EF30AA /* Model */,
				63C0B7A726557BF400EF30AA /* View */,
				63C0B7A826557BFA00EF30AA /* ViewModel */,
				63C0B7A926557C0200EF30AA /* Resources */,
				633914ED2657D6CF0087998F /* Services */,
				63C0B7662655748200EF30AA /* Info.plist */,
				63C0B75E2655748100EF30AA /* celsos_bookSearch.xcdatamodeld */,
			);
			path = celsos_bookSearch;
			sourceTree = "<group>";
		};
		63C0B76E2655748200EF30AA /* celsos_bookSearchTests */ = {
			isa = PBXGroup;
			children = (
				63C0B76F2655748200EF30AA /* celsos_bookSearchTests.swift */,
				63C5691C267B8932007F386F /* service_bookSearchTests.swift */,
				63C0B7712655748200EF30AA /* Info.plist */,
			);
			path = celsos_bookSearchTests;
			sourceTree = "<group>";
		};
		63C0B7792655748200EF30AA /* celsos_bookSearchUITests */ = {
			isa = PBXGroup;
			children = (
				63C0B77A2655748200EF30AA /* celsos_bookSearchUITests.swift */,
				63C0B77C2655748200EF30AA /* Info.plist */,
			);
			path = celsos_bookSearchUITests;
			sourceTree = "<group>";
		};
		63C0B7A526557BE000EF30AA /* Model */ = {
			isa = PBXGroup;
			children = (
				633914F32657DAE10087998F /* SearchResult.swift */,
				633914F82657DB1A0087998F /* Book.swift */,
				633915092657F36B0087998F /* SearchResultResponse.swift */,
				6339150E2657F38E0087998F /* BookResponse.swift */,
			);
			path = Model;
			sourceTree = "<group>";
		};
		63C0B7A726557BF400EF30AA /* View */ = {
			isa = PBXGroup;
			children = (
				63C0B79E26557BD800EF30AA /* SearchViewController.swift */,
				63C0B79F26557BD800EF30AA /* SearchViewController.xib */,
				630629ED2656B4C600551506 /* SearchesTableViewCell.swift */,
				630629EE2656B4C600551506 /* SearchesTableViewCell.xib */,
				630693842677E13C007A366C /* BooksViewController.swift */,
				630693852677E13C007A366C /* BooksViewController.xib */,
			);
			path = View;
			sourceTree = "<group>";
		};
		63C0B7A826557BFA00EF30AA /* ViewModel */ = {
			isa = PBXGroup;
			children = (
				63C0B7AA26557CB400EF30AA /* SearchViewModel.swift */,
				6329BA78265D4D4E004D90B6 /* SearchCellViewModel.swift */,
			);
			path = ViewModel;
			sourceTree = "<group>";
		};
		63C0B7A926557C0200EF30AA /* Resources */ = {
			isa = PBXGroup;
			children = (
				63C0B7552655748100EF30AA /* AppDelegate.swift */,
				63C0B7572655748100EF30AA /* SceneDelegate.swift */,
				63C0B7612655748200EF30AA /* Assets.xcassets */,
				63C0B7632655748200EF30AA /* LaunchScreen.storyboard */,
			);
			path = Resources;
			sourceTree = "<group>";
		};
		7A7C1962CA39740683B0489D /* Frameworks */ = {
			isa = PBXGroup;
			children = (
				F51D317FFEB707FE38506D0D /* Pods_celsos_bookSearch.framework */,
				21DDEDC9071057A430D08722 /* Pods_celsos_bookSearch_celsos_bookSearchUITests.framework */,
				B847C53D6F072A847A82DB15 /* Pods_celsos_bookSearchTests.framework */,
			);
			name = Frameworks;
			sourceTree = "<group>";
		};
		E2575B28248AA422DA6C2E29 /* Pods */ = {
			isa = PBXGroup;
			children = (
				81B54847C9A1DA680DAD4076 /* Pods-celsos_bookSearch.debug.xcconfig */,
				CED239DF88149E9639AE9D16 /* Pods-celsos_bookSearch.release.xcconfig */,
				A49CABF9AFC02B5401B2F57C /* Pods-celsos_bookSearch-celsos_bookSearchUITests.debug.xcconfig */,
				56A0175F680546CAF10F5E13 /* Pods-celsos_bookSearch-celsos_bookSearchUITests.release.xcconfig */,
				0EC476B1C458717E98AB2E30 /* Pods-celsos_bookSearchTests.debug.xcconfig */,
				9E50BDFE8BF4F1D4D1AC6A94 /* Pods-celsos_bookSearchTests.release.xcconfig */,
			);
			path = Pods;
			sourceTree = "<group>";
		};
/* End PBXGroup section */

/* Begin PBXNativeTarget section */
		63C0B7512655748100EF30AA /* celsos_bookSearch */ = {
			isa = PBXNativeTarget;
			buildConfigurationList = 63C0B77F2655748200EF30AA /* Build configuration list for PBXNativeTarget "celsos_bookSearch" */;
			buildPhases = (
				3E4CD00964BAC2B6300CD875 /* [CP] Check Pods Manifest.lock */,
				6329BA80265D6CB9004D90B6 /* ShellScript */,
				63C0B74E2655748100EF30AA /* Sources */,
				63C0B74F2655748100EF30AA /* Frameworks */,
				63C0B7502655748100EF30AA /* Resources */,
				70FAEC22AE7D3F476069D81C /* [CP] Embed Pods Frameworks */,
			);
			buildRules = (
			);
			dependencies = (
			);
			name = celsos_bookSearch;
			productName = celsos_bookSearch;
			productReference = 63C0B7522655748100EF30AA /* celsos_bookSearch.app */;
			productType = "com.apple.product-type.application";
		};
		63C0B76A2655748200EF30AA /* celsos_bookSearchTests */ = {
			isa = PBXNativeTarget;
			buildConfigurationList = 63C0B7822655748200EF30AA /* Build configuration list for PBXNativeTarget "celsos_bookSearchTests" */;
			buildPhases = (
				365F1A07940AE815D9AF1163 /* [CP] Check Pods Manifest.lock */,
				63C0B7672655748200EF30AA /* Sources */,
				63C0B7682655748200EF30AA /* Frameworks */,
				63C0B7692655748200EF30AA /* Resources */,
			);
			buildRules = (
			);
			dependencies = (
				63C0B76D2655748200EF30AA /* PBXTargetDependency */,
			);
			name = celsos_bookSearchTests;
			productName = celsos_bookSearchTests;
			productReference = 63C0B76B2655748200EF30AA /* celsos_bookSearchTests.xctest */;
			productType = "com.apple.product-type.bundle.unit-test";
		};
		63C0B7752655748200EF30AA /* celsos_bookSearchUITests */ = {
			isa = PBXNativeTarget;
			buildConfigurationList = 63C0B7852655748200EF30AA /* Build configuration list for PBXNativeTarget "celsos_bookSearchUITests" */;
			buildPhases = (
				EBEBBF2CC1200F9D652DFE76 /* [CP] Check Pods Manifest.lock */,
				63C0B7722655748200EF30AA /* Sources */,
				63C0B7732655748200EF30AA /* Frameworks */,
				63C0B7742655748200EF30AA /* Resources */,
				17B105FF6354564F59DED90A /* [CP] Embed Pods Frameworks */,
			);
			buildRules = (
			);
			dependencies = (
				63C0B7782655748200EF30AA /* PBXTargetDependency */,
			);
			name = celsos_bookSearchUITests;
			productName = celsos_bookSearchUITests;
			productReference = 63C0B7762655748200EF30AA /* celsos_bookSearchUITests.xctest */;
			productType = "com.apple.product-type.bundle.ui-testing";
		};
/* End PBXNativeTarget section */

/* Begin PBXProject section */
		63C0B74A2655748100EF30AA /* Project object */ = {
			isa = PBXProject;
			attributes = {
				LastSwiftUpdateCheck = 1240;
				LastUpgradeCheck = 1240;
				TargetAttributes = {
					63C0B7512655748100EF30AA = {
						CreatedOnToolsVersion = 12.4;
					};
					63C0B76A2655748200EF30AA = {
						CreatedOnToolsVersion = 12.4;
						TestTargetID = 63C0B7512655748100EF30AA;
					};
					63C0B7752655748200EF30AA = {
						CreatedOnToolsVersion = 12.4;
						TestTargetID = 63C0B7512655748100EF30AA;
					};
				};
			};
			buildConfigurationList = 63C0B74D2655748100EF30AA /* Build configuration list for PBXProject "celsos_bookSearch" */;
			compatibilityVersion = "Xcode 9.3";
			developmentRegion = en;
			hasScannedForEncodings = 0;
			knownRegions = (
				en,
				Base,
			);
			mainGroup = 63C0B7492655748100EF30AA;
			productRefGroup = 63C0B7532655748100EF30AA /* Products */;
			projectDirPath = "";
			projectRoot = "";
			targets = (
				63C0B7512655748100EF30AA /* celsos_bookSearch */,
				63C0B76A2655748200EF30AA /* celsos_bookSearchTests */,
				63C0B7752655748200EF30AA /* celsos_bookSearchUITests */,
			);
		};
/* End PBXProject section */

/* Begin PBXResourcesBuildPhase section */
		63C0B7502655748100EF30AA /* Resources */ = {
			isa = PBXResourcesBuildPhase;
			buildActionMask = 2147483647;
			files = (
				630693872677E13C007A366C /* BooksViewController.xib in Resources */,
				63C0B7652655748200EF30AA /* LaunchScreen.storyboard in Resources */,
				63C0B7622655748200EF30AA /* Assets.xcassets in Resources */,
				63C0B7A126557BD800EF30AA /* SearchViewController.xib in Resources */,
				630629F02656B4C600551506 /* SearchesTableViewCell.xib in Resources */,
			);
			runOnlyForDeploymentPostprocessing = 0;
		};
		63C0B7692655748200EF30AA /* Resources */ = {
			isa = PBXResourcesBuildPhase;
			buildActionMask = 2147483647;
			files = (
			);
			runOnlyForDeploymentPostprocessing = 0;
		};
		63C0B7742655748200EF30AA /* Resources */ = {
			isa = PBXResourcesBuildPhase;
			buildActionMask = 2147483647;
			files = (
			);
			runOnlyForDeploymentPostprocessing = 0;
		};
/* End PBXResourcesBuildPhase section */

/* Begin PBXShellScriptBuildPhase section */
		17B105FF6354564F59DED90A /* [CP] Embed Pods Frameworks */ = {
			isa = PBXShellScriptBuildPhase;
			buildActionMask = 2147483647;
			files = (
			);
			inputFileListPaths = (
				"${PODS_ROOT}/Target Support Files/Pods-celsos_bookSearch-celsos_bookSearchUITests/Pods-celsos_bookSearch-celsos_bookSearchUITests-frameworks-${CONFIGURATION}-input-files.xcfilelist",
			);
			name = "[CP] Embed Pods Frameworks";
			outputFileListPaths = (
				"${PODS_ROOT}/Target Support Files/Pods-celsos_bookSearch-celsos_bookSearchUITests/Pods-celsos_bookSearch-celsos_bookSearchUITests-frameworks-${CONFIGURATION}-output-files.xcfilelist",
			);
			runOnlyForDeploymentPostprocessing = 0;
			shellPath = /bin/sh;
			shellScript = "\"${PODS_ROOT}/Target Support Files/Pods-celsos_bookSearch-celsos_bookSearchUITests/Pods-celsos_bookSearch-celsos_bookSearchUITests-frameworks.sh\"\n";
			showEnvVarsInLog = 0;
		};
		365F1A07940AE815D9AF1163 /* [CP] Check Pods Manifest.lock */ = {
			isa = PBXShellScriptBuildPhase;
			buildActionMask = 2147483647;
			files = (
			);
			inputFileListPaths = (
			);
			inputPaths = (
				"${PODS_PODFILE_DIR_PATH}/Podfile.lock",
				"${PODS_ROOT}/Manifest.lock",
			);
			name = "[CP] Check Pods Manifest.lock";
			outputFileListPaths = (
			);
			outputPaths = (
				"$(DERIVED_FILE_DIR)/Pods-celsos_bookSearchTests-checkManifestLockResult.txt",
			);
			runOnlyForDeploymentPostprocessing = 0;
			shellPath = /bin/sh;
			shellScript = "diff \"${PODS_PODFILE_DIR_PATH}/Podfile.lock\" \"${PODS_ROOT}/Manifest.lock\" > /dev/null\nif [ $? != 0 ] ; then\n    # print error to STDERR\n    echo \"error: The sandbox is not in sync with the Podfile.lock. Run 'pod install' or update your CocoaPods installation.\" >&2\n    exit 1\nfi\n# This output is used by Xcode 'outputs' to avoid re-running this script phase.\necho \"SUCCESS\" > \"${SCRIPT_OUTPUT_FILE_0}\"\n";
			showEnvVarsInLog = 0;
		};
		3E4CD00964BAC2B6300CD875 /* [CP] Check Pods Manifest.lock */ = {
			isa = PBXShellScriptBuildPhase;
			buildActionMask = 2147483647;
			files = (
			);
			inputFileListPaths = (
			);
			inputPaths = (
				"${PODS_PODFILE_DIR_PATH}/Podfile.lock",
				"${PODS_ROOT}/Manifest.lock",
			);
			name = "[CP] Check Pods Manifest.lock";
			outputFileListPaths = (
			);
			outputPaths = (
				"$(DERIVED_FILE_DIR)/Pods-celsos_bookSearch-checkManifestLockResult.txt",
			);
			runOnlyForDeploymentPostprocessing = 0;
			shellPath = /bin/sh;
			shellScript = "diff \"${PODS_PODFILE_DIR_PATH}/Podfile.lock\" \"${PODS_ROOT}/Manifest.lock\" > /dev/null\nif [ $? != 0 ] ; then\n    # print error to STDERR\n    echo \"error: The sandbox is not in sync with the Podfile.lock. Run 'pod install' or update your CocoaPods installation.\" >&2\n    exit 1\nfi\n# This output is used by Xcode 'outputs' to avoid re-running this script phase.\necho \"SUCCESS\" > \"${SCRIPT_OUTPUT_FILE_0}\"\n";
			showEnvVarsInLog = 0;
		};
		6329BA80265D6CB9004D90B6 /* ShellScript */ = {
			isa = PBXShellScriptBuildPhase;
			buildActionMask = 2147483647;
			files = (
			);
			inputFileListPaths = (
			);
			inputPaths = (
			);
			outputFileListPaths = (
			);
			outputPaths = (
			);
			runOnlyForDeploymentPostprocessing = 0;
			shellPath = /bin/sh;
			shellScript = "\"${PODS_ROOT}/SwiftLint/swiftlint\"\n";
		};
		70FAEC22AE7D3F476069D81C /* [CP] Embed Pods Frameworks */ = {
			isa = PBXShellScriptBuildPhase;
			buildActionMask = 2147483647;
			files = (
			);
			inputFileListPaths = (
				"${PODS_ROOT}/Target Support Files/Pods-celsos_bookSearch/Pods-celsos_bookSearch-frameworks-${CONFIGURATION}-input-files.xcfilelist",
			);
			name = "[CP] Embed Pods Frameworks";
			outputFileListPaths = (
				"${PODS_ROOT}/Target Support Files/Pods-celsos_bookSearch/Pods-celsos_bookSearch-frameworks-${CONFIGURATION}-output-files.xcfilelist",
			);
			runOnlyForDeploymentPostprocessing = 0;
			shellPath = /bin/sh;
			shellScript = "\"${PODS_ROOT}/Target Support Files/Pods-celsos_bookSearch/Pods-celsos_bookSearch-frameworks.sh\"\n";
			showEnvVarsInLog = 0;
		};
		EBEBBF2CC1200F9D652DFE76 /* [CP] Check Pods Manifest.lock */ = {
			isa = PBXShellScriptBuildPhase;
			buildActionMask = 2147483647;
			files = (
			);
			inputFileListPaths = (
			);
			inputPaths = (
				"${PODS_PODFILE_DIR_PATH}/Podfile.lock",
				"${PODS_ROOT}/Manifest.lock",
			);
			name = "[CP] Check Pods Manifest.lock";
			outputFileListPaths = (
			);
			outputPaths = (
				"$(DERIVED_FILE_DIR)/Pods-celsos_bookSearch-celsos_bookSearchUITests-checkManifestLockResult.txt",
			);
			runOnlyForDeploymentPostprocessing = 0;
			shellPath = /bin/sh;
			shellScript = "diff \"${PODS_PODFILE_DIR_PATH}/Podfile.lock\" \"${PODS_ROOT}/Manifest.lock\" > /dev/null\nif [ $? != 0 ] ; then\n    # print error to STDERR\n    echo \"error: The sandbox is not in sync with the Podfile.lock. Run 'pod install' or update your CocoaPods installation.\" >&2\n    exit 1\nfi\n# This output is used by Xcode 'outputs' to avoid re-running this script phase.\necho \"SUCCESS\" > \"${SCRIPT_OUTPUT_FILE_0}\"\n";
			showEnvVarsInLog = 0;
		};
/* End PBXShellScriptBuildPhase section */

/* Begin PBXSourcesBuildPhase section */
		63C0B74E2655748100EF30AA /* Sources */ = {
			isa = PBXSourcesBuildPhase;
			buildActionMask = 2147483647;
			files = (
				63C0B7AB26557CB400EF30AA /* SearchViewModel.swift in Sources */,
				633914F42657DAE10087998F /* SearchResult.swift in Sources */,
				630629EF2656B4C600551506 /* SearchesTableViewCell.swift in Sources */,
				630693862677E13C007A366C /* BooksViewController.swift in Sources */,
				63C0B7A026557BD800EF30AA /* SearchViewController.swift in Sources */,
				639B4CBD267A7A1B00142CF7 /* UIViewControlerExtensions.swift in Sources */,
				633914EF2657D6EE0087998F /* GetService.swift in Sources */,
				6339150A2657F36B0087998F /* SearchResultResponse.swift in Sources */,
				6329BA79265D4D4E004D90B6 /* SearchCellViewModel.swift in Sources */,
				63C0B7562655748100EF30AA /* AppDelegate.swift in Sources */,
				63C0B7582655748100EF30AA /* SceneDelegate.swift in Sources */,
				633914F92657DB1A0087998F /* Book.swift in Sources */,
				63C0B7602655748100EF30AA /* celsos_bookSearch.xcdatamodeld in Sources */,
				6339150F2657F38E0087998F /* BookResponse.swift in Sources */,
			);
			runOnlyForDeploymentPostprocessing = 0;
		};
		63C0B7672655748200EF30AA /* Sources */ = {
			isa = PBXSourcesBuildPhase;
			buildActionMask = 2147483647;
			files = (
				63C5691D267B8933007F386F /* service_bookSearchTests.swift in Sources */,
				63C0B7702655748200EF30AA /* celsos_bookSearchTests.swift in Sources */,
			);
			runOnlyForDeploymentPostprocessing = 0;
		};
		63C0B7722655748200EF30AA /* Sources */ = {
			isa = PBXSourcesBuildPhase;
			buildActionMask = 2147483647;
			files = (
				63C0B77B2655748200EF30AA /* celsos_bookSearchUITests.swift in Sources */,
			);
			runOnlyForDeploymentPostprocessing = 0;
		};
/* End PBXSourcesBuildPhase section */

/* Begin PBXTargetDependency section */
		63C0B76D2655748200EF30AA /* PBXTargetDependency */ = {
			isa = PBXTargetDependency;
			target = 63C0B7512655748100EF30AA /* celsos_bookSearch */;
			targetProxy = 63C0B76C2655748200EF30AA /* PBXContainerItemProxy */;
		};
		63C0B7782655748200EF30AA /* PBXTargetDependency */ = {
			isa = PBXTargetDependency;
			target = 63C0B7512655748100EF30AA /* celsos_bookSearch */;
			targetProxy = 63C0B7772655748200EF30AA /* PBXContainerItemProxy */;
		};
/* End PBXTargetDependency section */

/* Begin PBXVariantGroup section */
		63C0B7632655748200EF30AA /* LaunchScreen.storyboard */ = {
			isa = PBXVariantGroup;
			children = (
				63C0B7642655748200EF30AA /* Base */,
			);
			name = LaunchScreen.storyboard;
			sourceTree = "<group>";
		};
/* End PBXVariantGroup section */

/* Begin XCBuildConfiguration section */
		63C0B77D2655748200EF30AA /* Debug */ = {
			isa = XCBuildConfiguration;
			buildSettings = {
				ALWAYS_SEARCH_USER_PATHS = NO;
				CLANG_ANALYZER_NONNULL = YES;
				CLANG_ANALYZER_NUMBER_OBJECT_CONVERSION = YES_AGGRESSIVE;
				CLANG_CXX_LANGUAGE_STANDARD = "gnu++14";
				CLANG_CXX_LIBRARY = "libc++";
				CLANG_ENABLE_MODULES = YES;
				CLANG_ENABLE_OBJC_ARC = YES;
				CLANG_ENABLE_OBJC_WEAK = YES;
				CLANG_WARN_BLOCK_CAPTURE_AUTORELEASING = YES;
				CLANG_WARN_BOOL_CONVERSION = YES;
				CLANG_WARN_COMMA = YES;
				CLANG_WARN_CONSTANT_CONVERSION = YES;
				CLANG_WARN_DEPRECATED_OBJC_IMPLEMENTATIONS = YES;
				CLANG_WARN_DIRECT_OBJC_ISA_USAGE = YES_ERROR;
				CLANG_WARN_DOCUMENTATION_COMMENTS = YES;
				CLANG_WARN_EMPTY_BODY = YES;
				CLANG_WARN_ENUM_CONVERSION = YES;
				CLANG_WARN_INFINITE_RECURSION = YES;
				CLANG_WARN_INT_CONVERSION = YES;
				CLANG_WARN_NON_LITERAL_NULL_CONVERSION = YES;
				CLANG_WARN_OBJC_IMPLICIT_RETAIN_SELF = YES;
				CLANG_WARN_OBJC_LITERAL_CONVERSION = YES;
				CLANG_WARN_OBJC_ROOT_CLASS = YES_ERROR;
				CLANG_WARN_QUOTED_INCLUDE_IN_FRAMEWORK_HEADER = YES;
				CLANG_WARN_RANGE_LOOP_ANALYSIS = YES;
				CLANG_WARN_STRICT_PROTOTYPES = YES;
				CLANG_WARN_SUSPICIOUS_MOVE = YES;
				CLANG_WARN_UNGUARDED_AVAILABILITY = YES_AGGRESSIVE;
				CLANG_WARN_UNREACHABLE_CODE = YES;
				CLANG_WARN__DUPLICATE_METHOD_MATCH = YES;
				COPY_PHASE_STRIP = NO;
				DEBUG_INFORMATION_FORMAT = dwarf;
				ENABLE_STRICT_OBJC_MSGSEND = YES;
				ENABLE_TESTABILITY = YES;
				GCC_C_LANGUAGE_STANDARD = gnu11;
				GCC_DYNAMIC_NO_PIC = NO;
				GCC_NO_COMMON_BLOCKS = YES;
				GCC_OPTIMIZATION_LEVEL = 0;
				GCC_PREPROCESSOR_DEFINITIONS = (
					"DEBUG=1",
					"$(inherited)",
				);
				GCC_WARN_64_TO_32_BIT_CONVERSION = YES;
				GCC_WARN_ABOUT_RETURN_TYPE = YES_ERROR;
				GCC_WARN_UNDECLARED_SELECTOR = YES;
				GCC_WARN_UNINITIALIZED_AUTOS = YES_AGGRESSIVE;
				GCC_WARN_UNUSED_FUNCTION = YES;
				GCC_WARN_UNUSED_VARIABLE = YES;
				IPHONEOS_DEPLOYMENT_TARGET = 13.0;
				MTL_ENABLE_DEBUG_INFO = INCLUDE_SOURCE;
				MTL_FAST_MATH = YES;
				ONLY_ACTIVE_ARCH = YES;
				SDKROOT = iphoneos;
				SWIFT_ACTIVE_COMPILATION_CONDITIONS = DEBUG;
				SWIFT_OPTIMIZATION_LEVEL = "-Onone";
			};
			name = Debug;
		};
		63C0B77E2655748200EF30AA /* Release */ = {
			isa = XCBuildConfiguration;
			buildSettings = {
				ALWAYS_SEARCH_USER_PATHS = NO;
				CLANG_ANALYZER_NONNULL = YES;
				CLANG_ANALYZER_NUMBER_OBJECT_CONVERSION = YES_AGGRESSIVE;
				CLANG_CXX_LANGUAGE_STANDARD = "gnu++14";
				CLANG_CXX_LIBRARY = "libc++";
				CLANG_ENABLE_MODULES = YES;
				CLANG_ENABLE_OBJC_ARC = YES;
				CLANG_ENABLE_OBJC_WEAK = YES;
				CLANG_WARN_BLOCK_CAPTURE_AUTORELEASING = YES;
				CLANG_WARN_BOOL_CONVERSION = YES;
				CLANG_WARN_COMMA = YES;
				CLANG_WARN_CONSTANT_CONVERSION = YES;
				CLANG_WARN_DEPRECATED_OBJC_IMPLEMENTATIONS = YES;
				CLANG_WARN_DIRECT_OBJC_ISA_USAGE = YES_ERROR;
				CLANG_WARN_DOCUMENTATION_COMMENTS = YES;
				CLANG_WARN_EMPTY_BODY = YES;
				CLANG_WARN_ENUM_CONVERSION = YES;
				CLANG_WARN_INFINITE_RECURSION = YES;
				CLANG_WARN_INT_CONVERSION = YES;
				CLANG_WARN_NON_LITERAL_NULL_CONVERSION = YES;
				CLANG_WARN_OBJC_IMPLICIT_RETAIN_SELF = YES;
				CLANG_WARN_OBJC_LITERAL_CONVERSION = YES;
				CLANG_WARN_OBJC_ROOT_CLASS = YES_ERROR;
				CLANG_WARN_QUOTED_INCLUDE_IN_FRAMEWORK_HEADER = YES;
				CLANG_WARN_RANGE_LOOP_ANALYSIS = YES;
				CLANG_WARN_STRICT_PROTOTYPES = YES;
				CLANG_WARN_SUSPICIOUS_MOVE = YES;
				CLANG_WARN_UNGUARDED_AVAILABILITY = YES_AGGRESSIVE;
				CLANG_WARN_UNREACHABLE_CODE = YES;
				CLANG_WARN__DUPLICATE_METHOD_MATCH = YES;
				COPY_PHASE_STRIP = NO;
				DEBUG_INFORMATION_FORMAT = "dwarf-with-dsym";
				ENABLE_NS_ASSERTIONS = NO;
				ENABLE_STRICT_OBJC_MSGSEND = YES;
				GCC_C_LANGUAGE_STANDARD = gnu11;
				GCC_NO_COMMON_BLOCKS = YES;
				GCC_WARN_64_TO_32_BIT_CONVERSION = YES;
				GCC_WARN_ABOUT_RETURN_TYPE = YES_ERROR;
				GCC_WARN_UNDECLARED_SELECTOR = YES;
				GCC_WARN_UNINITIALIZED_AUTOS = YES_AGGRESSIVE;
				GCC_WARN_UNUSED_FUNCTION = YES;
				GCC_WARN_UNUSED_VARIABLE = YES;
				IPHONEOS_DEPLOYMENT_TARGET = 13.0;
				MTL_ENABLE_DEBUG_INFO = NO;
				MTL_FAST_MATH = YES;
				SDKROOT = iphoneos;
				SWIFT_COMPILATION_MODE = wholemodule;
				SWIFT_OPTIMIZATION_LEVEL = "-O";
				VALIDATE_PRODUCT = YES;
			};
			name = Release;
		};
		63C0B7802655748200EF30AA /* Debug */ = {
			isa = XCBuildConfiguration;
			baseConfigurationReference = 81B54847C9A1DA680DAD4076 /* Pods-celsos_bookSearch.debug.xcconfig */;
			buildSettings = {
				ASSETCATALOG_COMPILER_APPICON_NAME = AppIcon;
				ASSETCATALOG_COMPILER_GLOBAL_ACCENT_COLOR_NAME = AccentColor;
				CODE_SIGN_STYLE = Automatic;
				INFOPLIST_FILE = celsos_bookSearch/Info.plist;
				LD_RUNPATH_SEARCH_PATHS = (
					"$(inherited)",
					"@executable_path/Frameworks",
				);
				PRODUCT_BUNDLE_IDENTIFIER = "celsos.test.celsos-bookSearch";
				PRODUCT_NAME = "$(TARGET_NAME)";
				SWIFT_VERSION = 5.0;
				TARGETED_DEVICE_FAMILY = "1,2";
			};
			name = Debug;
		};
		63C0B7812655748200EF30AA /* Release */ = {
			isa = XCBuildConfiguration;
			baseConfigurationReference = CED239DF88149E9639AE9D16 /* Pods-celsos_bookSearch.release.xcconfig */;
			buildSettings = {
				ASSETCATALOG_COMPILER_APPICON_NAME = AppIcon;
				ASSETCATALOG_COMPILER_GLOBAL_ACCENT_COLOR_NAME = AccentColor;
				CODE_SIGN_STYLE = Automatic;
				INFOPLIST_FILE = celsos_bookSearch/Info.plist;
				LD_RUNPATH_SEARCH_PATHS = (
					"$(inherited)",
					"@executable_path/Frameworks",
				);
				PRODUCT_BUNDLE_IDENTIFIER = "celsos.test.celsos-bookSearch";
				PRODUCT_NAME = "$(TARGET_NAME)";
				SWIFT_VERSION = 5.0;
				TARGETED_DEVICE_FAMILY = "1,2";
			};
			name = Release;
		};
		63C0B7832655748200EF30AA /* Debug */ = {
			isa = XCBuildConfiguration;
			baseConfigurationReference = 0EC476B1C458717E98AB2E30 /* Pods-celsos_bookSearchTests.debug.xcconfig */;
			buildSettings = {
				ALWAYS_EMBED_SWIFT_STANDARD_LIBRARIES = YES;
				BUNDLE_LOADER = "$(TEST_HOST)";
				CODE_SIGN_STYLE = Automatic;
				INFOPLIST_FILE = celsos_bookSearchTests/Info.plist;
				IPHONEOS_DEPLOYMENT_TARGET = 14.4;
				LD_RUNPATH_SEARCH_PATHS = (
					"$(inherited)",
					"@executable_path/Frameworks",
					"@loader_path/Frameworks",
				);
				PRODUCT_BUNDLE_IDENTIFIER = "celsos.test.celsos-bookSearchTests";
				PRODUCT_NAME = "$(TARGET_NAME)";
				SWIFT_VERSION = 5.0;
				TARGETED_DEVICE_FAMILY = "1,2";
				TEST_HOST = "$(BUILT_PRODUCTS_DIR)/celsos_bookSearch.app/celsos_bookSearch";
			};
			name = Debug;
		};
		63C0B7842655748200EF30AA /* Release */ = {
			isa = XCBuildConfiguration;
			baseConfigurationReference = 9E50BDFE8BF4F1D4D1AC6A94 /* Pods-celsos_bookSearchTests.release.xcconfig */;
			buildSettings = {
				ALWAYS_EMBED_SWIFT_STANDARD_LIBRARIES = YES;
				BUNDLE_LOADER = "$(TEST_HOST)";
				CODE_SIGN_STYLE = Automatic;
				INFOPLIST_FILE = celsos_bookSearchTests/Info.plist;
				IPHONEOS_DEPLOYMENT_TARGET = 14.4;
				LD_RUNPATH_SEARCH_PATHS = (
					"$(inherited)",
					"@executable_path/Frameworks",
					"@loader_path/Frameworks",
				);
				PRODUCT_BUNDLE_IDENTIFIER = "celsos.test.celsos-bookSearchTests";
				PRODUCT_NAME = "$(TARGET_NAME)";
				SWIFT_VERSION = 5.0;
				TARGETED_DEVICE_FAMILY = "1,2";
				TEST_HOST = "$(BUILT_PRODUCTS_DIR)/celsos_bookSearch.app/celsos_bookSearch";
			};
			name = Release;
		};
		63C0B7862655748200EF30AA /* Debug */ = {
			isa = XCBuildConfiguration;
			baseConfigurationReference = A49CABF9AFC02B5401B2F57C /* Pods-celsos_bookSearch-celsos_bookSearchUITests.debug.xcconfig */;
			buildSettings = {
				ALWAYS_EMBED_SWIFT_STANDARD_LIBRARIES = YES;
				CODE_SIGN_STYLE = Automatic;
				INFOPLIST_FILE = celsos_bookSearchUITests/Info.plist;
				LD_RUNPATH_SEARCH_PATHS = (
					"$(inherited)",
					"@executable_path/Frameworks",
					"@loader_path/Frameworks",
				);
				PRODUCT_BUNDLE_IDENTIFIER = "celsos.test.celsos-bookSearchUITests";
				PRODUCT_NAME = "$(TARGET_NAME)";
				SWIFT_VERSION = 5.0;
				TARGETED_DEVICE_FAMILY = "1,2";
				TEST_TARGET_NAME = celsos_bookSearch;
			};
			name = Debug;
		};
		63C0B7872655748200EF30AA /* Release */ = {
			isa = XCBuildConfiguration;
			baseConfigurationReference = 56A0175F680546CAF10F5E13 /* Pods-celsos_bookSearch-celsos_bookSearchUITests.release.xcconfig */;
			buildSettings = {
				ALWAYS_EMBED_SWIFT_STANDARD_LIBRARIES = YES;
				CODE_SIGN_STYLE = Automatic;
				INFOPLIST_FILE = celsos_bookSearchUITests/Info.plist;
				LD_RUNPATH_SEARCH_PATHS = (
					"$(inherited)",
					"@executable_path/Frameworks",
					"@loader_path/Frameworks",
				);
				PRODUCT_BUNDLE_IDENTIFIER = "celsos.test.celsos-bookSearchUITests";
				PRODUCT_NAME = "$(TARGET_NAME)";
				SWIFT_VERSION = 5.0;
				TARGETED_DEVICE_FAMILY = "1,2";
				TEST_TARGET_NAME = celsos_bookSearch;
			};
			name = Release;
		};
/* End XCBuildConfiguration section */

/* Begin XCConfigurationList section */
		63C0B74D2655748100EF30AA /* Build configuration list for PBXProject "celsos_bookSearch" */ = {
			isa = XCConfigurationList;
			buildConfigurations = (
				63C0B77D2655748200EF30AA /* Debug */,
				63C0B77E2655748200EF30AA /* Release */,
			);
			defaultConfigurationIsVisible = 0;
			defaultConfigurationName = Release;
		};
		63C0B77F2655748200EF30AA /* Build configuration list for PBXNativeTarget "celsos_bookSearch" */ = {
			isa = XCConfigurationList;
			buildConfigurations = (
				63C0B7802655748200EF30AA /* Debug */,
				63C0B7812655748200EF30AA /* Release */,
			);
			defaultConfigurationIsVisible = 0;
			defaultConfigurationName = Release;
		};
		63C0B7822655748200EF30AA /* Build configuration list for PBXNativeTarget "celsos_bookSearchTests" */ = {
			isa = XCConfigurationList;
			buildConfigurations = (
				63C0B7832655748200EF30AA /* Debug */,
				63C0B7842655748200EF30AA /* Release */,
			);
			defaultConfigurationIsVisible = 0;
			defaultConfigurationName = Release;
		};
		63C0B7852655748200EF30AA /* Build configuration list for PBXNativeTarget "celsos_bookSearchUITests" */ = {
			isa = XCConfigurationList;
			buildConfigurations = (
				63C0B7862655748200EF30AA /* Debug */,
				63C0B7872655748200EF30AA /* Release */,
			);
			defaultConfigurationIsVisible = 0;
			defaultConfigurationName = Release;
		};
/* End XCConfigurationList section */

/* Begin XCVersionGroup section */
		63C0B75E2655748100EF30AA /* celsos_bookSearch.xcdatamodeld */ = {
			isa = XCVersionGroup;
			children = (
				63C0B75F2655748100EF30AA /* celsos_bookSearch.xcdatamodel */,
			);
			currentVersion = 63C0B75F2655748100EF30AA /* celsos_bookSearch.xcdatamodel */;
			path = celsos_bookSearch.xcdatamodeld;
			sourceTree = "<group>";
			versionGroupType = wrapper.xcdatamodel;
		};
/* End XCVersionGroup section */
	};
	rootObject = 63C0B74A2655748100EF30AA /* Project object */;
}
